
Microsoft Visual Studio Solution File, Format Version 12.00
# Visual Studio Version 17
VisualStudioVersion = 17.6.33829.357
MinimumVisualStudioVersion = 10.0.40219.1
Project("{8BC9CEB8-8B4A-11D0-8D11-00A0C91BC942}") = "query_internal_file_info", "query_internal_file_info\query_internal_file_info.vcxproj", "{17A53F66-78DE-4B39-B278-F600C6AB9F2C}"
EndProject
Global
	GlobalSection(SolutionConfigurationPlatforms) = preSolution
		Debug|x64 = Debug|x64
		Debug|x86 = Debug|x86
		Release|x64 = Release|x64
		Release|x86 = Release|x86
	EndGlobalSection
	GlobalSection(ProjectConfigurationPlatforms) = postSolution
		{17A53F66-78DE-4B39-B278-F600C6AB9F2C}.Debug|x64.ActiveCfg = Debug|x64
		{17A53F66-78DE-4B39-B278-F600C6AB9F2C}.Debug|x64.Build.0 = Debug|x64
		{17A53F66-78DE-4B39-B278-F600C6AB9F2C}.Debug|x86.ActiveCfg = Debug|Win32
		{17A53F66-78DE-4B39-B278-F600C6AB9F2C}.Debug|x86.Build.0 = Debug|Win32
		{17A53F66-78DE-4B39-B278-F600C6AB9F2C}.Release|x64.ActiveCfg = Release|x64
		{17A53F66-78DE-4B39-B278-F600C6AB9F2C}.Release|x64.Build.0 = Release|x64
		{17A53F66-78DE-4B39-B278-F600C6AB9F2C}.Release|x86.ActiveCfg = Release|Win32
		{17A53F66-78DE-4B39-B278-F600C6AB9F2C}.Release|x86.Build.0 = Release|Win32
	EndGlobalSection
	GlobalSection(SolutionProperties) = preSolution
		HideSolutionNode = FALSE
	EndGlobalSection
	GlobalSection(ExtensibilityGlobals) = postSolution
		SolutionGuid = {34059337-54A2-43CC-880C-1F2E0550BA18}
	EndGlobalSection
EndGlobal
